<?xml version="1.0" encoding="utf-8"?>
<Project ToolsVersion="4.0" xmlns="http://schemas.microsoft.com/developer/msbuild/2003">
  <ItemGroup>
    <Filter Include="소스 파일">
      <UniqueIdentifier>{d8e48629-f9d9-4f86-beda-a61f3d91fd0c}</UniqueIdentifier>
    </Filter>
    <Filter Include="헤더 파일">
      <UniqueIdentifier>{d5e78ada-e565-4d4a-8092-96fe2a46d668}</UniqueIdentifier>
    </Filter>
    <Filter Include="셰이더 파일">
      <UniqueIdentifier>{1e2d0481-d78c-4aa9-bde5-183f61631d8d}</UniqueIdentifier>
    </Filter>
    <Filter Include="리소스 파일">
      <UniqueIdentifier>{411f2a49-5678-4bb0-b95e-3091db791a93}</UniqueIdentifier>
    </Filter>
  </ItemGroup>
  <ItemGroup>
    <ClCompile Include="..\..\..\..\%40Mynsu\Rendering\DirectX11\DirectX11\Camera.cpp">
      <Filter>소스 파일</Filter>
    </ClCompile>
    <ClCompile Include="..\..\..\..\%40Mynsu\Rendering\DirectX11\DirectX11\System.cpp">
      <Filter>소스 파일</Filter>
    </ClCompile>
    <ClCompile Include="..\..\..\..\%40Mynsu\Rendering\DirectX11\DirectX11\Model.cpp">
      <Filter>소스 파일</Filter>
    </ClCompile>
    <ClCompile Include="..\..\..\..\%40Mynsu\Rendering\DirectX11\DirectX11\main.cpp">
      <Filter>소스 파일</Filter>
    </ClCompile>
    <ClCompile Include="..\..\..\..\%40Mynsu\Rendering\DirectX11\DirectX11\Graphics.cpp">
      <Filter>소스 파일</Filter>
    </ClCompile>
    <ClCompile Include="..\..\..\..\%40Mynsu\Rendering\DirectX11\DirectX11\ColorShader.cpp">
      <Filter>소스 파일</Filter>
    </ClCompile>
    <ClCompile Include="..\..\..\..\%40Mynsu\Rendering\DirectX11\DirectX11\D3D.cpp">
      <Filter>소스 파일</Filter>
    </ClCompile>
    <ClCompile Include="..\..\..\..\%40Mynsu\Rendering\DirectX11\DirectX11\TextureShader.cpp">
      <Filter>소스 파일</Filter>
    </ClCompile>
    <ClCompile Include="..\..\..\..\%40Mynsu\Rendering\DirectX11\DirectX11\Texture.cpp">
      <Filter>소스 파일</Filter>
    </ClCompile>
    <ClCompile Include="..\..\..\..\%40Mynsu\Rendering\DirectX11\DirectX11\LightShader.cpp">
      <Filter>소스 파일</Filter>
    </ClCompile>
  </ItemGroup>
  <ItemGroup>
    <ClInclude Include="..\..\..\..\%40Mynsu\Rendering\DirectX11\DirectX11\System.h">
      <Filter>헤더 파일</Filter>
    </ClInclude>
    <ClInclude Include="..\..\..\..\%40Mynsu\Rendering\DirectX11\DirectX11\Model.h">
      <Filter>헤더 파일</Filter>
    </ClInclude>
    <ClInclude Include="..\..\..\..\%40Mynsu\Rendering\DirectX11\DirectX11\Input.h">
      <Filter>헤더 파일</Filter>
    </ClInclude>
    <ClInclude Include="..\..\..\..\%40Mynsu\Rendering\DirectX11\DirectX11\D3D.h">
      <Filter>헤더 파일</Filter>
    </ClInclude>
    <ClInclude Include="..\..\..\..\%40Mynsu\Rendering\DirectX11\DirectX11\Camera.h">
      <Filter>헤더 파일</Filter>
    </ClInclude>
    <ClInclude Include="..\..\..\..\%40Mynsu\Rendering\DirectX11\DirectX11\Graphics.h">
      <Filter>헤더 파일</Filter>
    </ClInclude>
    <ClInclude Include="..\..\..\..\%40Mynsu\Rendering\DirectX11\DirectX11\ColorShader.h">
      <Filter>헤더 파일</Filter>
    </ClInclude>
    <ClInclude Include="..\..\..\..\%40Mynsu\Rendering\DirectX11\DirectX11\TextureShader.h">
      <Filter>헤더 파일</Filter>
    </ClInclude>
    <ClInclude Include="..\..\..\..\%40Mynsu\Rendering\DirectX11\DirectX11\Texture.h">
      <Filter>헤더 파일</Filter>
    </ClInclude>
    <ClInclude Include="..\..\..\..\%40Mynsu\Rendering\DirectX11\DirectX11\LightShader.h">
      <Filter>헤더 파일</Filter>
    </ClInclude>
    <ClInclude Include="..\..\..\..\%40Mynsu\Rendering\DirectX11\DirectX11\Light.h">
      <Filter>헤더 파일</Filter>
    </ClInclude>
  </ItemGroup>
  <ItemGroup>
    <None Include="light.vs">
      <Filter>셰이더 파일</Filter>
    </None>
    <None Include="light.ps">
      <Filter>셰이더 파일</Filter>
    </None>
  </ItemGroup>
  <ItemGroup>
    <Text Include="..\..\..\..\%40Mynsu\Rendering\DirectX11\DirectX11\cube.txt">
      <Filter>리소스 파일</Filter>
    </Text>
  </ItemGroup>
</Project>