<?xml version="1.0" encoding="utf-8"?>
<Project ToolsVersion="4.0" xmlns="http://schemas.microsoft.com/developer/msbuild/2003">
  <ItemGroup>
    <Filter Include="소스 파일">
      <UniqueIdentifier>{d8e48629-f9d9-4f86-beda-a61f3d91fd0c}</UniqueIdentifier>
    </Filter>
    <Filter Include="헤더 파일">
      <UniqueIdentifier>{d5e78ada-e565-4d4a-8092-96fe2a46d668}</UniqueIdentifier>
    </Filter>
    <Filter Include="셰이더 파일">
      <UniqueIdentifier>{1e2d0481-d78c-4aa9-bde5-183f61631d8d}</UniqueIdentifier>
    </Filter>
    <Filter Include="리소스 파일">
      <UniqueIdentifier>{411f2a49-5678-4bb0-b95e-3091db791a93}</UniqueIdentifier>
    </Filter>
  </ItemGroup>
  <ItemGroup>
    <ClCompile Include="Camera.cpp">
      <Filter>소스 파일</Filter>
    </ClCompile>
    <ClCompile Include="System.cpp">
      <Filter>소스 파일</Filter>
    </ClCompile>
    <ClCompile Include="Model.cpp">
      <Filter>소스 파일</Filter>
    </ClCompile>
    <ClCompile Include="main.cpp">
      <Filter>소스 파일</Filter>
    </ClCompile>
    <ClCompile Include="Graphics.cpp">
      <Filter>소스 파일</Filter>
    </ClCompile>
    <ClCompile Include="ColorShader.cpp">
      <Filter>소스 파일</Filter>
    </ClCompile>
    <ClCompile Include="D3D.cpp">
      <Filter>소스 파일</Filter>
    </ClCompile>
    <ClCompile Include="TextureShader.cpp">
      <Filter>소스 파일</Filter>
    </ClCompile>
    <ClCompile Include="Texture.cpp">
      <Filter>소스 파일</Filter>
    </ClCompile>
    <ClCompile Include="LightShader.cpp">
      <Filter>소스 파일</Filter>
    </ClCompile>
    <ClCompile Include="..\..\..\..\%40Mynsu\Rendering\DirectX11\DirectX11\Bitmap.cpp">
      <Filter>소스 파일</Filter>
    </ClCompile>
  </ItemGroup>
  <ItemGroup>
    <ClInclude Include="System.h">
      <Filter>헤더 파일</Filter>
    </ClInclude>
    <ClInclude Include="Model.h">
      <Filter>헤더 파일</Filter>
    </ClInclude>
    <ClInclude Include="Input.h">
      <Filter>헤더 파일</Filter>
    </ClInclude>
    <ClInclude Include="D3D.h">
      <Filter>헤더 파일</Filter>
    </ClInclude>
    <ClInclude Include="Camera.h">
      <Filter>헤더 파일</Filter>
    </ClInclude>
    <ClInclude Include="Graphics.h">
      <Filter>헤더 파일</Filter>
    </ClInclude>
    <ClInclude Include="ColorShader.h">
      <Filter>헤더 파일</Filter>
    </ClInclude>
    <ClInclude Include="TextureShader.h">
      <Filter>헤더 파일</Filter>
    </ClInclude>
    <ClInclude Include="Texture.h">
      <Filter>헤더 파일</Filter>
    </ClInclude>
    <ClInclude Include="LightShader.h">
      <Filter>헤더 파일</Filter>
    </ClInclude>
    <ClInclude Include="Light.h">
      <Filter>헤더 파일</Filter>
    </ClInclude>
    <ClInclude Include="..\..\..\..\%40Mynsu\Rendering\DirectX11\DirectX11\ScriptLoader.h">
      <Filter>헤더 파일</Filter>
    </ClInclude>
    <ClInclude Include="..\..\..\..\%40Mynsu\Rendering\DirectX11\DirectX11\Bitmap.h">
      <Filter>헤더 파일</Filter>
    </ClInclude>
  </ItemGroup>
  <ItemGroup>
    <None Include="light.vs">
      <Filter>셰이더 파일</Filter>
    </None>
    <None Include="light.ps">
      <Filter>셰이더 파일</Filter>
    </None>
    <None Include="data\Moon 2K.fbx">
      <Filter>리소스 파일</Filter>
    </None>
    <None Include="..\..\..\..\%40Mynsu\Rendering\DirectX11\DirectX11\Script.lua">
      <Filter>리소스 파일</Filter>
    </None>
    <None Include="..\..\..\..\%40Mynsu\Rendering\DirectX11\DirectX11\texture.vs">
      <Filter>셰이더 파일</Filter>
    </None>
    <None Include="..\..\..\..\%40Mynsu\Rendering\DirectX11\DirectX11\texture.ps">
      <Filter>셰이더 파일</Filter>
    </None>
  </ItemGroup>
  <ItemGroup>
    <Text Include="data\cube.txt">
      <Filter>리소스 파일</Filter>
    </Text>
  </ItemGroup>
  <ItemGroup>
    <Image Include="data\Diffuse_2K.tga">
      <Filter>리소스 파일</Filter>
    </Image>
    <Image Include="data\stone01.tga">
      <Filter>리소스 파일</Filter>
    </Image>
    <Image Include="data\wood.tga">
      <Filter>리소스 파일</Filter>
    </Image>
    <Image Include="data\Bump_2K.tga">
      <Filter>리소스 파일</Filter>
    </Image>
  </ItemGroup>
</Project>